
Microsoft Visual Studio Solution File, Format Version 12.00
# Visual Studio Version 16
VisualStudioVersion = 16.0.31313.79
MinimumVisualStudioVersion = 10.0.40219.1
Project("{FAE04EC0-301F-11D3-BF4B-00C04F79EFBC}") = "ConsoleApp1", "ConsoleApp1.csproj", "{38B0C4CB-52B9-4F6E-88FE-EA054DB3CECD}"
EndProject
Global
	GlobalSection(SolutionConfigurationPlatforms) = preSolution
		Debug|Any CPU = Debug|Any CPU
		Release|Any CPU = Release|Any CPU
	EndGlobalSection
	GlobalSection(ProjectConfigurationPlatforms) = postSolution
		{38B0C4CB-52B9-4F6E-88FE-EA054DB3CECD}.Debug|Any CPU.ActiveCfg = Debug|Any CPU
		{38B0C4CB-52B9-4F6E-88FE-EA054DB3CECD}.Debug|Any CPU.Build.0 = Debug|Any CPU
		{38B0C4CB-52B9-4F6E-88FE-EA054DB3CECD}.Release|Any CPU.ActiveCfg = Release|Any CPU
		{38B0C4CB-52B9-4F6E-88FE-EA054DB3CECD}.Release|Any CPU.Build.0 = Release|Any CPU
	EndGlobalSection
	GlobalSection(SolutionProperties) = preSolution
		HideSolutionNode = FALSE
	EndGlobalSection
	GlobalSection(ExtensibilityGlobals) = postSolution
		SolutionGuid = {3D0C2C4B-CB8C-492A-ACE6-43CB7A521753}
	EndGlobalSection
EndGlobal
